
Microsoft Visual Studio Solution File, Format Version 12.00
# Visual Studio 15
VisualStudioVersion = 15.0.27130.2024
MinimumVisualStudioVersion = 10.0.40219.1
Project("{9A19103F-16F7-4668-BE54-9A1E7A4F7556}") = "Rocket.Web", "rocket-wallet-web\Rocket.Web.csproj", "{E146F3EF-741E-4A2A-8C14-31C0E6A3C931}"
EndProject
Project("{9A19103F-16F7-4668-BE54-9A1E7A4F7556}") = "Rocket.Api", "rocket-wallet-api\Rocket.Api.csproj", "{3E66F467-EB17-4363-B390-F9299F362472}"
EndProject
Project("{9A19103F-16F7-4668-BE54-9A1E7A4F7556}") = "Rocket.Common", "Rocket.Common\Rocket.Common.csproj", "{AF045819-E923-439F-BBA4-34C25591AD55}"
EndProject
Project("{9A19103F-16F7-4668-BE54-9A1E7A4F7556}") = "InflationStreamWebjob", "InflationConsole\InflationStreamWebjob.csproj", "{C22A1547-6F2F-47E6-8E49-B7CE4CF6CFD7}"
EndProject
Project("{9A19103F-16F7-4668-BE54-9A1E7A4F7556}") = "HttpTriggerCore", "CSharpHttpCore-master\HttpTriggerCore\HttpTriggerCore.csproj", "{872468F5-1B69-4BC9-983A-37A986276844}"
EndProject
Project("{9A19103F-16F7-4668-BE54-9A1E7A4F7556}") = "StellarCoreNode", "StellarCoreNode\StellarCoreNode.csproj", "{7ADBCC4E-4195-4CB9-8121-0FA0C5DFED03}"
EndProject
Project("{FAE04EC0-301F-11D3-BF4B-00C04F79EFBC}") = "StellarCoreNodeFunction", "StellarCoreNodeFunction\StellarCoreNodeFunction.csproj", "{E8189497-AFD6-480D-8842-F6098D2AEB40}"
EndProject
Global
	GlobalSection(SolutionConfigurationPlatforms) = preSolution
		Debug|Any CPU = Debug|Any CPU
		Release|Any CPU = Release|Any CPU
	EndGlobalSection
	GlobalSection(ProjectConfigurationPlatforms) = postSolution
		{E146F3EF-741E-4A2A-8C14-31C0E6A3C931}.Debug|Any CPU.ActiveCfg = Debug|Any CPU
		{E146F3EF-741E-4A2A-8C14-31C0E6A3C931}.Debug|Any CPU.Build.0 = Debug|Any CPU
		{E146F3EF-741E-4A2A-8C14-31C0E6A3C931}.Release|Any CPU.ActiveCfg = Release|Any CPU
		{E146F3EF-741E-4A2A-8C14-31C0E6A3C931}.Release|Any CPU.Build.0 = Release|Any CPU
		{3E66F467-EB17-4363-B390-F9299F362472}.Debug|Any CPU.ActiveCfg = Debug|Any CPU
		{3E66F467-EB17-4363-B390-F9299F362472}.Debug|Any CPU.Build.0 = Debug|Any CPU
		{3E66F467-EB17-4363-B390-F9299F362472}.Release|Any CPU.ActiveCfg = Release|Any CPU
		{3E66F467-EB17-4363-B390-F9299F362472}.Release|Any CPU.Build.0 = Release|Any CPU
		{AF045819-E923-439F-BBA4-34C25591AD55}.Debug|Any CPU.ActiveCfg = Debug|Any CPU
		{AF045819-E923-439F-BBA4-34C25591AD55}.Debug|Any CPU.Build.0 = Debug|Any CPU
		{AF045819-E923-439F-BBA4-34C25591AD55}.Release|Any CPU.ActiveCfg = Release|Any CPU
		{AF045819-E923-439F-BBA4-34C25591AD55}.Release|Any CPU.Build.0 = Release|Any CPU
		{C22A1547-6F2F-47E6-8E49-B7CE4CF6CFD7}.Debug|Any CPU.ActiveCfg = Debug|Any CPU
		{C22A1547-6F2F-47E6-8E49-B7CE4CF6CFD7}.Debug|Any CPU.Build.0 = Debug|Any CPU
		{C22A1547-6F2F-47E6-8E49-B7CE4CF6CFD7}.Release|Any CPU.ActiveCfg = Release|Any CPU
		{C22A1547-6F2F-47E6-8E49-B7CE4CF6CFD7}.Release|Any CPU.Build.0 = Release|Any CPU
		{872468F5-1B69-4BC9-983A-37A986276844}.Debug|Any CPU.ActiveCfg = Debug|Any CPU
		{872468F5-1B69-4BC9-983A-37A986276844}.Debug|Any CPU.Build.0 = Debug|Any CPU
		{872468F5-1B69-4BC9-983A-37A986276844}.Release|Any CPU.ActiveCfg = Release|Any CPU
		{872468F5-1B69-4BC9-983A-37A986276844}.Release|Any CPU.Build.0 = Release|Any CPU
		{7ADBCC4E-4195-4CB9-8121-0FA0C5DFED03}.Debug|Any CPU.ActiveCfg = Debug|Any CPU
		{7ADBCC4E-4195-4CB9-8121-0FA0C5DFED03}.Debug|Any CPU.Build.0 = Debug|Any CPU
		{7ADBCC4E-4195-4CB9-8121-0FA0C5DFED03}.Release|Any CPU.ActiveCfg = Release|Any CPU
		{7ADBCC4E-4195-4CB9-8121-0FA0C5DFED03}.Release|Any CPU.Build.0 = Release|Any CPU
		{E8189497-AFD6-480D-8842-F6098D2AEB40}.Debug|Any CPU.ActiveCfg = Debug|Any CPU
		{E8189497-AFD6-480D-8842-F6098D2AEB40}.Debug|Any CPU.Build.0 = Debug|Any CPU
		{E8189497-AFD6-480D-8842-F6098D2AEB40}.Release|Any CPU.ActiveCfg = Release|Any CPU
		{E8189497-AFD6-480D-8842-F6098D2AEB40}.Release|Any CPU.Build.0 = Release|Any CPU
	EndGlobalSection
	GlobalSection(SolutionProperties) = preSolution
		HideSolutionNode = FALSE
	EndGlobalSection
	GlobalSection(ExtensibilityGlobals) = postSolution
		SolutionGuid = {A27901FD-465E-4AB2-821A-3BC7AF658D26}
	EndGlobalSection
EndGlobal
